
Microsoft Visual Studio Solution File, Format Version 12.00
# Visual Studio Version 17
VisualStudioVersion = 17.0.31611.283
MinimumVisualStudioVersion = 10.0.40219.1
Project("{9A19103F-16F7-4668-BE54-9A1E7A4F7556}") = "WeatherStationApp", "WeatherStationApp.csproj", "{2959371A-BE4C-40B3-A369-E537D90E1FC8}"
EndProject
Project("{888888A0-9F3D-457C-B088-3A5042F75D52}") = "WeatherStationWorker", "..\WeatherStationWorker\WeatherStationWorker.pyproj", "{9CEC46E7-090D-4BF5-B1D6-963679884388}"
EndProject
Global
	GlobalSection(SolutionConfigurationPlatforms) = preSolution
		Debug|Any CPU = Debug|Any CPU
		Release|Any CPU = Release|Any CPU
	EndGlobalSection
	GlobalSection(ProjectConfigurationPlatforms) = postSolution
		{2959371A-BE4C-40B3-A369-E537D90E1FC8}.Debug|Any CPU.ActiveCfg = Debug|Any CPU
		{2959371A-BE4C-40B3-A369-E537D90E1FC8}.Debug|Any CPU.Build.0 = Debug|Any CPU
		{2959371A-BE4C-40B3-A369-E537D90E1FC8}.Debug|Any CPU.Deploy.0 = Debug|Any CPU
		{2959371A-BE4C-40B3-A369-E537D90E1FC8}.Release|Any CPU.ActiveCfg = Release|Any CPU
		{2959371A-BE4C-40B3-A369-E537D90E1FC8}.Release|Any CPU.Build.0 = Release|Any CPU
		{2959371A-BE4C-40B3-A369-E537D90E1FC8}.Release|Any CPU.Deploy.0 = Release|Any CPU
		{9CEC46E7-090D-4BF5-B1D6-963679884388}.Debug|Any CPU.ActiveCfg = Debug|Any CPU
		{9CEC46E7-090D-4BF5-B1D6-963679884388}.Release|Any CPU.ActiveCfg = Release|Any CPU
	EndGlobalSection
	GlobalSection(SolutionProperties) = preSolution
		HideSolutionNode = FALSE
	EndGlobalSection
	GlobalSection(ExtensibilityGlobals) = postSolution
		SolutionGuid = {61F7FB11-1E47-470C-91E2-47F8143E1572}
	EndGlobalSection
EndGlobal
